
Microsoft Visual Studio Solution File, Format Version 12.00
# Visual Studio Version 18
VisualStudioVersion = 18.3.11222.16
MinimumVisualStudioVersion = 10.0.40219.1
Project("{2150E333-8FDC-42A3-9474-1A3956D46DE8}") = "src", "src", "{827E0CD3-B72D-47B6-A68D-7590B98EB39B}"
EndProject
Project("{FAE04EC0-301F-11D3-BF4B-00C04F79EFBC}") = "Lucinda", "src\Lucinda\Lucinda.csproj", "{8367E7FD-D627-449A-924B-D8995799104C}"
EndProject
Project("{2150E333-8FDC-42A3-9474-1A3956D46DE8}") = "tests", "tests", "{0AB3BF05-4346-4AA6-1389-037BE0695223}"
EndProject
Project("{FAE04EC0-301F-11D3-BF4B-00C04F79EFBC}") = "Lucinda.Tests", "tests\Lucinda.Tests\Lucinda.Tests.csproj", "{B16E2101-35F9-40B9-819A-3D15FD14D95C}"
EndProject
Project("{2150E333-8FDC-42A3-9474-1A3956D46DE8}") = "samples", "samples", "{5D20AA90-6969-D8BD-9DCD-8634F4692FDA}"
EndProject
Project("{FAE04EC0-301F-11D3-BF4B-00C04F79EFBC}") = "Lucinda.Samples", "samples\Lucinda.Samples\Lucinda.Samples.csproj", "{C755B2E3-3EEE-0BF3-8D0D-625CA972519D}"
EndProject
Project("{FAE04EC0-301F-11D3-BF4B-00C04F79EFBC}") = "Lucinda.Samples.GroupMessaging.SenderKeys", "samples\Lucinda.Samples.GroupMessaging.SenderKeys\Lucinda.Samples.GroupMessaging.SenderKeys.csproj", "{A1B2C3D4-E5F6-7890-ABCD-EF1234567890}"
EndProject
Project("{FAE04EC0-301F-11D3-BF4B-00C04F79EFBC}") = "Lucinda.Samples.GroupMessaging.PerRecipient", "samples\Lucinda.Samples.GroupMessaging.PerRecipient\Lucinda.Samples.GroupMessaging.PerRecipient.csproj", "{B2C3D4E5-F6A7-8901-BCDE-F12345678901}"
EndProject
Project("{FAE04EC0-301F-11D3-BF4B-00C04F79EFBC}") = "Lucinda.Samples.GroupMessaging.Hybrid", "samples\Lucinda.Samples.GroupMessaging.Hybrid\Lucinda.Samples.GroupMessaging.Hybrid.csproj", "{C3D4E5F6-A7B8-9012-CDEF-123456789012}"
EndProject
Project("{2150E333-8FDC-42A3-9474-1A3956D46DE8}") = "Solution Items", "Solution Items", "{033E4BF1-3E80-455D-8430-D14370892E2D}"
	ProjectSection(SolutionItems) = preProject
		.editorconfig = .editorconfig
		global.json = global.json
		NuGet.Config = NuGet.Config
	EndProjectSection
EndProject
Project("{2150E333-8FDC-42A3-9474-1A3956D46DE8}") = "Group Messaging", "Group Messaging", "{5238FD68-0D26-4DEF-83F1-F3806A61381E}"
EndProject
Project("{2150E333-8FDC-42A3-9474-1A3956D46DE8}") = "benchmarks", "benchmarks", "{86FDAC33-520E-4895-BAE0-253344E6AE13}"
EndProject
Project("{FAE04EC0-301F-11D3-BF4B-00C04F79EFBC}") = "Lucinda.Benchmarks", "benchmarks\Lucinda.Benchmarks\Lucinda.Benchmarks.csproj", "{16277390-5B83-BBB5-3614-F25AB983BE7C}"
EndProject
Project("{FAE04EC0-301F-11D3-BF4B-00C04F79EFBC}") = "Lucinda.Samples.SecureMessaging", "samples\Lucinda.Samples.SecureMessaging\Lucinda.Samples.SecureMessaging.csproj", "{26BD58DF-3A1D-424C-B08D-C137192FFFD4}"
EndProject
Global
	GlobalSection(SolutionConfigurationPlatforms) = preSolution
		Debug|Any CPU = Debug|Any CPU
		Debug|x64 = Debug|x64
		Debug|x86 = Debug|x86
		Release|Any CPU = Release|Any CPU
		Release|x64 = Release|x64
		Release|x86 = Release|x86
	EndGlobalSection
	GlobalSection(ProjectConfigurationPlatforms) = postSolution
		{8367E7FD-D627-449A-924B-D8995799104C}.Debug|Any CPU.ActiveCfg = Debug|Any CPU
		{8367E7FD-D627-449A-924B-D8995799104C}.Debug|Any CPU.Build.0 = Debug|Any CPU
		{8367E7FD-D627-449A-924B-D8995799104C}.Debug|x64.ActiveCfg = Debug|Any CPU
		{8367E7FD-D627-449A-924B-D8995799104C}.Debug|x64.Build.0 = Debug|Any CPU
		{8367E7FD-D627-449A-924B-D8995799104C}.Debug|x86.ActiveCfg = Debug|Any CPU
		{8367E7FD-D627-449A-924B-D8995799104C}.Debug|x86.Build.0 = Debug|Any CPU
		{8367E7FD-D627-449A-924B-D8995799104C}.Release|Any CPU.ActiveCfg = Release|Any CPU
		{8367E7FD-D627-449A-924B-D8995799104C}.Release|Any CPU.Build.0 = Release|Any CPU
		{8367E7FD-D627-449A-924B-D8995799104C}.Release|x64.ActiveCfg = Release|Any CPU
		{8367E7FD-D627-449A-924B-D8995799104C}.Release|x64.Build.0 = Release|Any CPU
		{8367E7FD-D627-449A-924B-D8995799104C}.Release|x86.ActiveCfg = Release|Any CPU
		{8367E7FD-D627-449A-924B-D8995799104C}.Release|x86.Build.0 = Release|Any CPU
		{B16E2101-35F9-40B9-819A-3D15FD14D95C}.Debug|Any CPU.ActiveCfg = Debug|Any CPU
		{B16E2101-35F9-40B9-819A-3D15FD14D95C}.Debug|Any CPU.Build.0 = Debug|Any CPU
		{B16E2101-35F9-40B9-819A-3D15FD14D95C}.Debug|x64.ActiveCfg = Debug|Any CPU
		{B16E2101-35F9-40B9-819A-3D15FD14D95C}.Debug|x64.Build.0 = Debug|Any CPU
		{B16E2101-35F9-40B9-819A-3D15FD14D95C}.Debug|x86.ActiveCfg = Debug|Any CPU
		{B16E2101-35F9-40B9-819A-3D15FD14D95C}.Debug|x86.Build.0 = Debug|Any CPU
		{B16E2101-35F9-40B9-819A-3D15FD14D95C}.Release|Any CPU.ActiveCfg = Release|Any CPU
		{B16E2101-35F9-40B9-819A-3D15FD14D95C}.Release|Any CPU.Build.0 = Release|Any CPU
		{B16E2101-35F9-40B9-819A-3D15FD14D95C}.Release|x64.ActiveCfg = Release|Any CPU
		{B16E2101-35F9-40B9-819A-3D15FD14D95C}.Release|x64.Build.0 = Release|Any CPU
		{B16E2101-35F9-40B9-819A-3D15FD14D95C}.Release|x86.ActiveCfg = Release|Any CPU
		{B16E2101-35F9-40B9-819A-3D15FD14D95C}.Release|x86.Build.0 = Release|Any CPU
		{C755B2E3-3EEE-0BF3-8D0D-625CA972519D}.Debug|Any CPU.ActiveCfg = Debug|Any CPU
		{C755B2E3-3EEE-0BF3-8D0D-625CA972519D}.Debug|Any CPU.Build.0 = Debug|Any CPU
		{C755B2E3-3EEE-0BF3-8D0D-625CA972519D}.Debug|x64.ActiveCfg = Debug|Any CPU
		{C755B2E3-3EEE-0BF3-8D0D-625CA972519D}.Debug|x64.Build.0 = Debug|Any CPU
		{C755B2E3-3EEE-0BF3-8D0D-625CA972519D}.Debug|x86.ActiveCfg = Debug|Any CPU
		{C755B2E3-3EEE-0BF3-8D0D-625CA972519D}.Debug|x86.Build.0 = Debug|Any CPU
		{C755B2E3-3EEE-0BF3-8D0D-625CA972519D}.Release|Any CPU.ActiveCfg = Release|Any CPU
		{C755B2E3-3EEE-0BF3-8D0D-625CA972519D}.Release|Any CPU.Build.0 = Release|Any CPU
		{C755B2E3-3EEE-0BF3-8D0D-625CA972519D}.Release|x64.ActiveCfg = Release|Any CPU
		{C755B2E3-3EEE-0BF3-8D0D-625CA972519D}.Release|x64.Build.0 = Release|Any CPU
		{C755B2E3-3EEE-0BF3-8D0D-625CA972519D}.Release|x86.ActiveCfg = Release|Any CPU
		{C755B2E3-3EEE-0BF3-8D0D-625CA972519D}.Release|x86.Build.0 = Release|Any CPU
		{A1B2C3D4-E5F6-7890-ABCD-EF1234567890}.Debug|Any CPU.ActiveCfg = Debug|Any CPU
		{A1B2C3D4-E5F6-7890-ABCD-EF1234567890}.Debug|Any CPU.Build.0 = Debug|Any CPU
		{A1B2C3D4-E5F6-7890-ABCD-EF1234567890}.Debug|x64.ActiveCfg = Debug|Any CPU
		{A1B2C3D4-E5F6-7890-ABCD-EF1234567890}.Debug|x64.Build.0 = Debug|Any CPU
		{A1B2C3D4-E5F6-7890-ABCD-EF1234567890}.Debug|x86.ActiveCfg = Debug|Any CPU
		{A1B2C3D4-E5F6-7890-ABCD-EF1234567890}.Debug|x86.Build.0 = Debug|Any CPU
		{A1B2C3D4-E5F6-7890-ABCD-EF1234567890}.Release|Any CPU.ActiveCfg = Release|Any CPU
		{A1B2C3D4-E5F6-7890-ABCD-EF1234567890}.Release|Any CPU.Build.0 = Release|Any CPU
		{A1B2C3D4-E5F6-7890-ABCD-EF1234567890}.Release|x64.ActiveCfg = Release|Any CPU
		{A1B2C3D4-E5F6-7890-ABCD-EF1234567890}.Release|x64.Build.0 = Release|Any CPU
		{A1B2C3D4-E5F6-7890-ABCD-EF1234567890}.Release|x86.ActiveCfg = Release|Any CPU
		{A1B2C3D4-E5F6-7890-ABCD-EF1234567890}.Release|x86.Build.0 = Release|Any CPU
		{B2C3D4E5-F6A7-8901-BCDE-F12345678901}.Debug|Any CPU.ActiveCfg = Debug|Any CPU
		{B2C3D4E5-F6A7-8901-BCDE-F12345678901}.Debug|Any CPU.Build.0 = Debug|Any CPU
		{B2C3D4E5-F6A7-8901-BCDE-F12345678901}.Debug|x64.ActiveCfg = Debug|Any CPU
		{B2C3D4E5-F6A7-8901-BCDE-F12345678901}.Debug|x64.Build.0 = Debug|Any CPU
		{B2C3D4E5-F6A7-8901-BCDE-F12345678901}.Debug|x86.ActiveCfg = Debug|Any CPU
		{B2C3D4E5-F6A7-8901-BCDE-F12345678901}.Debug|x86.Build.0 = Debug|Any CPU
		{B2C3D4E5-F6A7-8901-BCDE-F12345678901}.Release|Any CPU.ActiveCfg = Release|Any CPU
		{B2C3D4E5-F6A7-8901-BCDE-F12345678901}.Release|Any CPU.Build.0 = Release|Any CPU
		{B2C3D4E5-F6A7-8901-BCDE-F12345678901}.Release|x64.ActiveCfg = Release|Any CPU
		{B2C3D4E5-F6A7-8901-BCDE-F12345678901}.Release|x64.Build.0 = Release|Any CPU
		{B2C3D4E5-F6A7-8901-BCDE-F12345678901}.Release|x86.ActiveCfg = Release|Any CPU
		{B2C3D4E5-F6A7-8901-BCDE-F12345678901}.Release|x86.Build.0 = Release|Any CPU
		{C3D4E5F6-A7B8-9012-CDEF-123456789012}.Debug|Any CPU.ActiveCfg = Debug|Any CPU
		{C3D4E5F6-A7B8-9012-CDEF-123456789012}.Debug|Any CPU.Build.0 = Debug|Any CPU
		{C3D4E5F6-A7B8-9012-CDEF-123456789012}.Debug|x64.ActiveCfg = Debug|Any CPU
		{C3D4E5F6-A7B8-9012-CDEF-123456789012}.Debug|x64.Build.0 = Debug|Any CPU
		{C3D4E5F6-A7B8-9012-CDEF-123456789012}.Debug|x86.ActiveCfg = Debug|Any CPU
		{C3D4E5F6-A7B8-9012-CDEF-123456789012}.Debug|x86.Build.0 = Debug|Any CPU
		{C3D4E5F6-A7B8-9012-CDEF-123456789012}.Release|Any CPU.ActiveCfg = Release|Any CPU
		{C3D4E5F6-A7B8-9012-CDEF-123456789012}.Release|Any CPU.Build.0 = Release|Any CPU
		{C3D4E5F6-A7B8-9012-CDEF-123456789012}.Release|x64.ActiveCfg = Release|Any CPU
		{C3D4E5F6-A7B8-9012-CDEF-123456789012}.Release|x64.Build.0 = Release|Any CPU
		{C3D4E5F6-A7B8-9012-CDEF-123456789012}.Release|x86.ActiveCfg = Release|Any CPU
		{C3D4E5F6-A7B8-9012-CDEF-123456789012}.Release|x86.Build.0 = Release|Any CPU
		{16277390-5B83-BBB5-3614-F25AB983BE7C}.Debug|Any CPU.ActiveCfg = Debug|Any CPU
		{16277390-5B83-BBB5-3614-F25AB983BE7C}.Debug|Any CPU.Build.0 = Debug|Any CPU
		{16277390-5B83-BBB5-3614-F25AB983BE7C}.Debug|x64.ActiveCfg = Debug|Any CPU
		{16277390-5B83-BBB5-3614-F25AB983BE7C}.Debug|x64.Build.0 = Debug|Any CPU
		{16277390-5B83-BBB5-3614-F25AB983BE7C}.Debug|x86.ActiveCfg = Debug|Any CPU
		{16277390-5B83-BBB5-3614-F25AB983BE7C}.Debug|x86.Build.0 = Debug|Any CPU
		{16277390-5B83-BBB5-3614-F25AB983BE7C}.Release|Any CPU.ActiveCfg = Release|Any CPU
		{16277390-5B83-BBB5-3614-F25AB983BE7C}.Release|Any CPU.Build.0 = Release|Any CPU
		{16277390-5B83-BBB5-3614-F25AB983BE7C}.Release|x64.ActiveCfg = Release|Any CPU
		{16277390-5B83-BBB5-3614-F25AB983BE7C}.Release|x64.Build.0 = Release|Any CPU
		{16277390-5B83-BBB5-3614-F25AB983BE7C}.Release|x86.ActiveCfg = Release|Any CPU
		{16277390-5B83-BBB5-3614-F25AB983BE7C}.Release|x86.Build.0 = Release|Any CPU
		{26BD58DF-3A1D-424C-B08D-C137192FFFD4}.Debug|Any CPU.ActiveCfg = Debug|Any CPU
		{26BD58DF-3A1D-424C-B08D-C137192FFFD4}.Debug|Any CPU.Build.0 = Debug|Any CPU
		{26BD58DF-3A1D-424C-B08D-C137192FFFD4}.Debug|x64.ActiveCfg = Debug|Any CPU
		{26BD58DF-3A1D-424C-B08D-C137192FFFD4}.Debug|x64.Build.0 = Debug|Any CPU
		{26BD58DF-3A1D-424C-B08D-C137192FFFD4}.Debug|x86.ActiveCfg = Debug|Any CPU
		{26BD58DF-3A1D-424C-B08D-C137192FFFD4}.Debug|x86.Build.0 = Debug|Any CPU
		{26BD58DF-3A1D-424C-B08D-C137192FFFD4}.Release|Any CPU.ActiveCfg = Release|Any CPU
		{26BD58DF-3A1D-424C-B08D-C137192FFFD4}.Release|Any CPU.Build.0 = Release|Any CPU
		{26BD58DF-3A1D-424C-B08D-C137192FFFD4}.Release|x64.ActiveCfg = Release|Any CPU
		{26BD58DF-3A1D-424C-B08D-C137192FFFD4}.Release|x64.Build.0 = Release|Any CPU
		{26BD58DF-3A1D-424C-B08D-C137192FFFD4}.Release|x86.ActiveCfg = Release|Any CPU
		{26BD58DF-3A1D-424C-B08D-C137192FFFD4}.Release|x86.Build.0 = Release|Any CPU
	EndGlobalSection
	GlobalSection(SolutionProperties) = preSolution
		HideSolutionNode = FALSE
	EndGlobalSection
	GlobalSection(NestedProjects) = preSolution
		{8367E7FD-D627-449A-924B-D8995799104C} = {827E0CD3-B72D-47B6-A68D-7590B98EB39B}
		{B16E2101-35F9-40B9-819A-3D15FD14D95C} = {0AB3BF05-4346-4AA6-1389-037BE0695223}
		{C755B2E3-3EEE-0BF3-8D0D-625CA972519D} = {5D20AA90-6969-D8BD-9DCD-8634F4692FDA}
		{A1B2C3D4-E5F6-7890-ABCD-EF1234567890} = {5238FD68-0D26-4DEF-83F1-F3806A61381E}
		{B2C3D4E5-F6A7-8901-BCDE-F12345678901} = {5238FD68-0D26-4DEF-83F1-F3806A61381E}
		{C3D4E5F6-A7B8-9012-CDEF-123456789012} = {5238FD68-0D26-4DEF-83F1-F3806A61381E}
		{5238FD68-0D26-4DEF-83F1-F3806A61381E} = {5D20AA90-6969-D8BD-9DCD-8634F4692FDA}
		{16277390-5B83-BBB5-3614-F25AB983BE7C} = {86FDAC33-520E-4895-BAE0-253344E6AE13}
		{26BD58DF-3A1D-424C-B08D-C137192FFFD4} = {5D20AA90-6969-D8BD-9DCD-8634F4692FDA}
	EndGlobalSection
	GlobalSection(ExtensibilityGlobals) = postSolution
		SolutionGuid = {A8D1E176-D5EA-41C2-8AD3-AE4C4E96DDDF}
	EndGlobalSection
EndGlobal
